
Microsoft Visual Studio Solution File, Format Version 12.00
# Visual Studio 15
VisualStudioVersion = 15.0.28307.539
MinimumVisualStudioVersion = 10.0.40219.1
Project("{FAE04EC0-301F-11D3-BF4B-00C04F79EFBC}") = "Projekt_Blog", "Projekt_Blog\Projekt_Blog.csproj", "{42852161-CE78-4775-9C42-3B6CCE49D218}"
EndProject
Global
	GlobalSection(SolutionConfigurationPlatforms) = preSolution
		Debug|Any CPU = Debug|Any CPU
		Release|Any CPU = Release|Any CPU
	EndGlobalSection
	GlobalSection(ProjectConfigurationPlatforms) = postSolution
		{42852161-CE78-4775-9C42-3B6CCE49D218}.Debug|Any CPU.ActiveCfg = Debug|Any CPU
		{42852161-CE78-4775-9C42-3B6CCE49D218}.Debug|Any CPU.Build.0 = Debug|Any CPU
		{42852161-CE78-4775-9C42-3B6CCE49D218}.Release|Any CPU.ActiveCfg = Release|Any CPU
		{42852161-CE78-4775-9C42-3B6CCE49D218}.Release|Any CPU.Build.0 = Release|Any CPU
	EndGlobalSection
	GlobalSection(SolutionProperties) = preSolution
		HideSolutionNode = FALSE
	EndGlobalSection
	GlobalSection(ExtensibilityGlobals) = postSolution
		SolutionGuid = {9D5707BC-0AE7-4A11-AEC8-4FEF89B5C8FA}
	EndGlobalSection
EndGlobal
